
Microsoft Visual Studio Solution File, Format Version 12.00
# Visual Studio Version 17
VisualStudioVersion = 17.11.35219.272
MinimumVisualStudioVersion = 10.0.40219.1
Project("{FAE04EC0-301F-11D3-BF4B-00C04F79EFBC}") = "KinoAndme", "KinoAndme.csproj", "{D6F65004-EA8B-4655-9A6B-6D3C013EF507}"
EndProject
Global
	GlobalSection(SolutionConfigurationPlatforms) = preSolution
		Debug|Any CPU = Debug|Any CPU
		Release|Any CPU = Release|Any CPU
	EndGlobalSection
	GlobalSection(ProjectConfigurationPlatforms) = postSolution
		{D6F65004-EA8B-4655-9A6B-6D3C013EF507}.Debug|Any CPU.ActiveCfg = Debug|Any CPU
		{D6F65004-EA8B-4655-9A6B-6D3C013EF507}.Debug|Any CPU.Build.0 = Debug|Any CPU
		{D6F65004-EA8B-4655-9A6B-6D3C013EF507}.Release|Any CPU.ActiveCfg = Release|Any CPU
		{D6F65004-EA8B-4655-9A6B-6D3C013EF507}.Release|Any CPU.Build.0 = Release|Any CPU
	EndGlobalSection
	GlobalSection(SolutionProperties) = preSolution
		HideSolutionNode = FALSE
	EndGlobalSection
	GlobalSection(ExtensibilityGlobals) = postSolution
		SolutionGuid = {3B293242-33B3-4CFA-A7BD-748B850F0F9C}
	EndGlobalSection
EndGlobal
